// !$*UTF8*$!
{
	archiveVersion = 1;
	classes = {
	};
	objectVersion = 46;
	objects = {

/* Begin PBXBuildFile section */
		CBA385FF1C7BA7E900108CFC /* AppDelegate.swift in Sources */ = {isa = PBXBuildFile; fileRef = CBA385FE1C7BA7E900108CFC /* AppDelegate.swift */; };
		CBA386011C7BA7E900108CFC /* ViewController.swift in Sources */ = {isa = PBXBuildFile; fileRef = CBA386001C7BA7E900108CFC /* ViewController.swift */; };
		CBA386041C7BA7E900108CFC /* Main.storyboard in Resources */ = {isa = PBXBuildFile; fileRef = CBA386021C7BA7E900108CFC /* Main.storyboard */; };
		CBA386061C7BA7E900108CFC /* Assets.xcassets in Resources */ = {isa = PBXBuildFile; fileRef = CBA386051C7BA7E900108CFC /* Assets.xcassets */; };
		CBA386091C7BA7E900108CFC /* LaunchScreen.storyboard in Resources */ = {isa = PBXBuildFile; fileRef = CBA386071C7BA7E900108CFC /* LaunchScreen.storyboard */; };
/* End PBXBuildFile section */

/* Begin PBXFileReference section */
		CBA385FB1C7BA7E900108CFC /* Magic 8Ball.app */ = {isa = PBXFileReference; explicitFileType = wrapper.application; includeInIndex = 0; path = "Magic 8Ball.app"; sourceTree = BUILT_PRODUCTS_DIR; };
		CBA385FE1C7BA7E900108CFC /* AppDelegate.swift */ = {isa = PBXFileReference; lastKnownFileType = sourcecode.swift; path = AppDelegate.swift; sourceTree = "<group>"; };
		CBA386001C7BA7E900108CFC /* ViewController.swift */ = {isa = PBXFileReference; lastKnownFileType = sourcecode.swift; path = ViewController.swift; sourceTree = "<group>"; };
		CBA386031C7BA7E900108CFC /* Base */ = {isa = PBXFileReference; lastKnownFileType = file.storyboard; name = Base; path = Base.lproj/Main.storyboard; sourceTree = "<group>"; };
		CBA386051C7BA7E900108CFC /* Assets.xcassets */ = {isa = PBXFileReference; lastKnownFileType = folder.assetcatalog; path = Assets.xcassets; sourceTree = "<group>"; };
		CBA386081C7BA7E900108CFC /* Base */ = {isa = PBXFileReference; lastKnownFileType = file.storyboard; name = Base; path = Base.lproj/LaunchScreen.storyboard; sourceTree = "<group>"; };
		CBA3860A1C7BA7E900108CFC /* Info.plist */ = {isa = PBXFileReference; lastKnownFileType = text.plist.xml; path = Info.plist; sourceTree = "<group>"; };
/* End PBXFileReference section */

/* Begin PBXFrameworksBuildPhase section */
		CBA385F81C7BA7E900108CFC /* Frameworks */ = {
			isa = PBXFrameworksBuildPhase;
			buildActionMask = 2147483647;
			files = (
			);
			runOnlyForDeploymentPostprocessing = 0;
		};
/* End PBXFrameworksBuildPhase section */

/* Begin PBXGroup section */
		CBA385F21C7BA7E900108CFC = {
			isa = PBXGroup;
			children = (
				CBA385FD1C7BA7E900108CFC /* Facts */,
				CBA385FC1C7BA7E900108CFC /* Products */,
			);
			sourceTree = "<group>";
			usesTabs = 1;
		};
		CBA385FC1C7BA7E900108CFC /* Products */ = {
			isa = PBXGroup;
			children = (
				CBA385FB1C7BA7E900108CFC /* Magic 8Ball.app */,
			);
			name = Products;
			sourceTree = "<group>";
		};
		CBA385FD1C7BA7E900108CFC /* Facts */ = {
			isa = PBXGroup;
			children = (
				CBA385FE1C7BA7E900108CFC /* AppDelegate.swift */,
				CBA386001C7BA7E900108CFC /* ViewController.swift */,
				CBA386021C7BA7E900108CFC /* Main.storyboard */,
				CBA386051C7BA7E900108CFC /* Assets.xcassets */,
				CBA386071C7BA7E900108CFC /* LaunchScreen.storyboard */,
				CBA3860A1C7BA7E900108CFC /* Info.plist */,
			);
			path = Facts;
			sourceTree = "<group>";
		};
/* End PBXGroup section */

/* Begin PBXNativeTarget section */
		CBA385FA1C7BA7E900108CFC /* Magic 8Ball */ = {
			isa = PBXNativeTarget;
			buildConfigurationList = CBA3860D1C7BA7E900108CFC /* Build configuration list for PBXNativeTarget "Magic 8Ball" */;
			buildPhases = (
				CBA385F71C7BA7E900108CFC /* Sources */,
				CBA385F81C7BA7E900108CFC /* Frameworks */,
				CBA385F91C7BA7E900108CFC /* Resources */,
			);
			buildRules = (
			);
			dependencies = (
			);
			name = "Magic 8Ball";
			productName = Facts;
			productReference = CBA385FB1C7BA7E900108CFC /* Magic 8Ball.app */;
			productType = "com.apple.product-type.application";
		};
/* End PBXNativeTarget section */

/* Begin PBXProject section */
		CBA385F31C7BA7E900108CFC /* Project object */ = {
			isa = PBXProject;
			attributes = {
				LastSwiftUpdateCheck = 0720;
				LastUpgradeCheck = 0720;
				ORGANIZATIONNAME = "HyperChicken Interactive";
				TargetAttributes = {
					CBA385FA1C7BA7E900108CFC = {
						CreatedOnToolsVersion = 7.2.1;
						DevelopmentTeam = 7MHSVY828A;
					};
				};
			};
			buildConfigurationList = CBA385F61C7BA7E900108CFC /* Build configuration list for PBXProject "Magic 8Ball" */;
			compatibilityVersion = "Xcode 3.2";
			developmentRegion = English;
			hasScannedForEncodings = 0;
			knownRegions = (
				en,
				Base,
			);
			mainGroup = CBA385F21C7BA7E900108CFC;
			productRefGroup = CBA385FC1C7BA7E900108CFC /* Products */;
			projectDirPath = "";
			projectRoot = "";
			targets = (
				CBA385FA1C7BA7E900108CFC /* Magic 8Ball */,
			);
		};
/* End PBXProject section */

/* Begin PBXResourcesBuildPhase section */
		CBA385F91C7BA7E900108CFC /* Resources */ = {
			isa = PBXResourcesBuildPhase;
			buildActionMask = 2147483647;
			files = (
				CBA386091C7BA7E900108CFC /* LaunchScreen.storyboard in Resources */,
				CBA386061C7BA7E900108CFC /* Assets.xcassets in Resources */,
				CBA386041C7BA7E900108CFC /* Main.storyboard in Resources */,
			);
			runOnlyForDeploymentPostprocessing = 0;
		};
/* End PBXResourcesBuildPhase section */

/* Begin PBXSourcesBuildPhase section */
		CBA385F71C7BA7E900108CFC /* Sources */ = {
			isa = PBXSourcesBuildPhase;
			buildActionMask = 2147483647;
			files = (
				CBA386011C7BA7E900108CFC /* ViewController.swift in Sources */,
				CBA385FF1C7BA7E900108CFC /* AppDelegate.swift in Sources */,
			);
			runOnlyForDeploymentPostprocessing = 0;
		};
/* End PBXSourcesBuildPhase section */

/* Begin PBXVariantGroup section */
		CBA386021C7BA7E900108CFC /* Main.storyboard */ = {
			isa = PBXVariantGroup;
			children = (
				CBA386031C7BA7E900108CFC /* Base */,
			);
			name = Main.storyboard;
			sourceTree = "<group>";
		};
		CBA386071C7BA7E900108CFC /* LaunchScreen.storyboard */ = {
			isa = PBXVariantGroup;
			children = (
				CBA386081C7BA7E900108CFC /* Base */,
			);
			name = LaunchScreen.storyboard;
			sourceTree = "<group>";
		};
/* End PBXVariantGroup section */

/* Begin XCBuildConfiguration section */
		CBA3860B1C7BA7E900108CFC /* Debug */ = {
			isa = XCBuildConfiguration;
			buildSettings = {
				ALWAYS_SEARCH_USER_PATHS = NO;
				CLANG_CXX_LANGUAGE_STANDARD = "gnu++0x";
				CLANG_CXX_LIBRARY = "libc++";
				CLANG_ENABLE_MODULES = YES;
				CLANG_ENABLE_OBJC_ARC = YES;
				CLANG_WARN_BOOL_CONVERSION = YES;
				CLANG_WARN_CONSTANT_CONVERSION = YES;
				CLANG_WARN_DIRECT_OBJC_ISA_USAGE = YES_ERROR;
				CLANG_WARN_EMPTY_BODY = YES;
				CLANG_WARN_ENUM_CONVERSION = YES;
				CLANG_WARN_INT_CONVERSION = YES;
				CLANG_WARN_OBJC_ROOT_CLASS = YES_ERROR;
				CLANG_WARN_UNREACHABLE_CODE = YES;
				CLANG_WARN__DUPLICATE_METHOD_MATCH = YES;
				"CODE_SIGN_IDENTITY[sdk=iphoneos*]" = "iPhone Developer";
				COPY_PHASE_STRIP = NO;
				DEBUG_INFORMATION_FORMAT = dwarf;
				ENABLE_STRICT_OBJC_MSGSEND = YES;
				ENABLE_TESTABILITY = YES;
				GCC_C_LANGUAGE_STANDARD = gnu99;
				GCC_DYNAMIC_NO_PIC = NO;
				GCC_NO_COMMON_BLOCKS = YES;
				GCC_OPTIMIZATION_LEVEL = 0;
				GCC_PREPROCESSOR_DEFINITIONS = (
					"DEBUG=1",
					"$(inherited)",
				);
				GCC_WARN_64_TO_32_BIT_CONVERSION = YES;
				GCC_WARN_ABOUT_RETURN_TYPE = YES_ERROR;
				GCC_WARN_UNDECLARED_SELECTOR = YES;
				GCC_WARN_UNINITIALIZED_AUTOS = YES_AGGRESSIVE;
				GCC_WARN_UNUSED_FUNCTION = YES;
				GCC_WARN_UNUSED_VARIABLE = YES;
				IPHONEOS_DEPLOYMENT_TARGET = 9.2;
				MTL_ENABLE_DEBUG_INFO = YES;
				ONLY_ACTIVE_ARCH = YES;
				SDKROOT = iphoneos;
				SWIFT_OPTIMIZATION_LEVEL = "-Onone";
			};
			name = Debug;
		};
		CBA3860C1C7BA7E900108CFC /* Release */ = {
			isa = XCBuildConfiguration;
			buildSettings = {
				ALWAYS_SEARCH_USER_PATHS = NO;
				CLANG_CXX_LANGUAGE_STANDARD = "gnu++0x";
				CLANG_CXX_LIBRARY = "libc++";
				CLANG_ENABLE_MODULES = YES;
				CLANG_ENABLE_OBJC_ARC = YES;
				CLANG_WARN_BOOL_CONVERSION = YES;
				CLANG_WARN_CONSTANT_CONVERSION = YES;
				CLANG_WARN_DIRECT_OBJC_ISA_USAGE = YES_ERROR;
				CLANG_WARN_EMPTY_BODY = YES;
				CLANG_WARN_ENUM_CONVERSION = YES;
				CLANG_WARN_INT_CONVERSION = YES;
				CLANG_WARN_OBJC_ROOT_CLASS = YES_ERROR;
				CLANG_WARN_UNREACHABLE_CODE = YES;
				CLANG_WARN__DUPLICATE_METHOD_MATCH = YES;
				"CODE_SIGN_IDENTITY[sdk=iphoneos*]" = "iPhone Developer";
				COPY_PHASE_STRIP = NO;
				DEBUG_INFORMATION_FORMAT = "dwarf-with-dsym";
				ENABLE_NS_ASSERTIONS = NO;
				ENABLE_STRICT_OBJC_MSGSEND = YES;
				GCC_C_LANGUAGE_STANDARD = gnu99;
				GCC_NO_COMMON_BLOCKS = YES;
				GCC_WARN_64_TO_32_BIT_CONVERSION = YES;
				GCC_WARN_ABOUT_RETURN_TYPE = YES_ERROR;
				GCC_WARN_UNDECLARED_SELECTOR = YES;
				GCC_WARN_UNINITIALIZED_AUTOS = YES_AGGRESSIVE;
				GCC_WARN_UNUSED_FUNCTION = YES;
				GCC_WARN_UNUSED_VARIABLE = YES;
				IPHONEOS_DEPLOYMENT_TARGET = 9.2;
				MTL_ENABLE_DEBUG_INFO = NO;
				SDKROOT = iphoneos;
				VALIDATE_PRODUCT = YES;
			};
			name = Release;
		};
		CBA3860E1C7BA7E900108CFC /* Debug */ = {
			isa = XCBuildConfiguration;
			buildSettings = {
				ASSETCATALOG_COMPILER_APPICON_NAME = AppIcon;
				CODE_SIGN_IDENTITY = "iPhone Developer";
				"CODE_SIGN_IDENTITY[sdk=iphoneos*]" = "iPhone Developer";
				INFOPLIST_FILE = Facts/Info.plist;
				LD_RUNPATH_SEARCH_PATHS = "$(inherited) @executable_path/Frameworks";
				PRODUCT_BUNDLE_IDENTIFIER = co.hyperchicken.8ball;
				PRODUCT_NAME = "Magic 8Ball";
				PROVISIONING_PROFILE = "";
			};
			name = Debug;
		};
		CBA3860F1C7BA7E900108CFC /* Release */ = {
			isa = XCBuildConfiguration;
			buildSettings = {
				ASSETCATALOG_COMPILER_APPICON_NAME = AppIcon;
				CODE_SIGN_IDENTITY = "iPhone Developer";
				"CODE_SIGN_IDENTITY[sdk=iphoneos*]" = "iPhone Developer";
				INFOPLIST_FILE = Facts/Info.plist;
				LD_RUNPATH_SEARCH_PATHS = "$(inherited) @executable_path/Frameworks";
				PRODUCT_BUNDLE_IDENTIFIER = co.hyperchicken.8ball;
				PRODUCT_NAME = "Magic 8Ball";
				PROVISIONING_PROFILE = "";
			};
			name = Release;
		};
/* End XCBuildConfiguration section */

/* Begin XCConfigurationList section */
		CBA385F61C7BA7E900108CFC /* Build configuration list for PBXProject "Magic 8Ball" */ = {
			isa = XCConfigurationList;
			buildConfigurations = (
				CBA3860B1C7BA7E900108CFC /* Debug */,
				CBA3860C1C7BA7E900108CFC /* Release */,
			);
			defaultConfigurationIsVisible = 0;
			defaultConfigurationName = Release;
		};
		CBA3860D1C7BA7E900108CFC /* Build configuration list for PBXNativeTarget "Magic 8Ball" */ = {
			isa = XCConfigurationList;
			buildConfigurations = (
				CBA3860E1C7BA7E900108CFC /* Debug */,
				CBA3860F1C7BA7E900108CFC /* Release */,
			);
			defaultConfigurationIsVisible = 0;
			defaultConfigurationName = Release;
		};
/* End XCConfigurationList section */
	};
	rootObject = CBA385F31C7BA7E900108CFC /* Project object */;
}
